
Microsoft Visual Studio Solution File, Format Version 12.00
# Visual Studio Version 17
VisualStudioVersion = 17.9.34622.214
MinimumVisualStudioVersion = 10.0.40219.1
Project("{FAE04EC0-301F-11D3-BF4B-00C04F79EFBC}") = "lojalBackend", "lojalBackend.csproj", "{2835CA04-C576-4B41-9E44-373067ACE202}"
EndProject
Project("{FAE04EC0-301F-11D3-BF4B-00C04F79EFBC}") = "lojalBackend.Tests", "lojalBackend.Tests\lojalBackend.Tests.csproj", "{1D5ACB52-DF26-4501-B27B-F44AE042D394}"
EndProject
Global
	GlobalSection(SolutionConfigurationPlatforms) = preSolution
		Debug|Any CPU = Debug|Any CPU
		Release|Any CPU = Release|Any CPU
	EndGlobalSection
	GlobalSection(ProjectConfigurationPlatforms) = postSolution
		{2835CA04-C576-4B41-9E44-373067ACE202}.Debug|Any CPU.ActiveCfg = Debug|Any CPU
		{2835CA04-C576-4B41-9E44-373067ACE202}.Debug|Any CPU.Build.0 = Debug|Any CPU
		{2835CA04-C576-4B41-9E44-373067ACE202}.Release|Any CPU.ActiveCfg = Release|Any CPU
		{2835CA04-C576-4B41-9E44-373067ACE202}.Release|Any CPU.Build.0 = Release|Any CPU
		{1D5ACB52-DF26-4501-B27B-F44AE042D394}.Debug|Any CPU.ActiveCfg = Debug|Any CPU
		{1D5ACB52-DF26-4501-B27B-F44AE042D394}.Debug|Any CPU.Build.0 = Debug|Any CPU
		{1D5ACB52-DF26-4501-B27B-F44AE042D394}.Release|Any CPU.ActiveCfg = Release|Any CPU
		{1D5ACB52-DF26-4501-B27B-F44AE042D394}.Release|Any CPU.Build.0 = Release|Any CPU
	EndGlobalSection
	GlobalSection(SolutionProperties) = preSolution
		HideSolutionNode = FALSE
	EndGlobalSection
	GlobalSection(ExtensibilityGlobals) = postSolution
		SolutionGuid = {8141D14D-4DF4-42B5-9A74-C5569E22CE5F}
	EndGlobalSection
EndGlobal
